
Microsoft Visual Studio Solution File, Format Version 12.00
# Visual Studio Version 17
VisualStudioVersion = 17.1.32210.238
MinimumVisualStudioVersion = 10.0.40219.1
Project("{9A19103F-16F7-4668-BE54-9A1E7A4F7556}") = "RomanizingLibrary", "RomanizingLibrary\RomanizingLibrary.csproj", "{2FFA2F19-1311-4983-ACA4-1E9A51CAFCF5}"
EndProject
Project("{FAE04EC0-301F-11D3-BF4B-00C04F79EFBC}") = "TestingRomanizing", "TestingRomanizing\TestingRomanizing.csproj", "{F750A98D-6C4F-495D-9E8B-D6362256B5B9}"
EndProject
Global
	GlobalSection(SolutionConfigurationPlatforms) = preSolution
		Debug|Any CPU = Debug|Any CPU
		Release|Any CPU = Release|Any CPU
	EndGlobalSection
	GlobalSection(ProjectConfigurationPlatforms) = postSolution
		{2FFA2F19-1311-4983-ACA4-1E9A51CAFCF5}.Debug|Any CPU.ActiveCfg = Debug|Any CPU
		{2FFA2F19-1311-4983-ACA4-1E9A51CAFCF5}.Debug|Any CPU.Build.0 = Debug|Any CPU
		{2FFA2F19-1311-4983-ACA4-1E9A51CAFCF5}.Release|Any CPU.ActiveCfg = Release|Any CPU
		{2FFA2F19-1311-4983-ACA4-1E9A51CAFCF5}.Release|Any CPU.Build.0 = Release|Any CPU
		{F750A98D-6C4F-495D-9E8B-D6362256B5B9}.Debug|Any CPU.ActiveCfg = Debug|Any CPU
		{F750A98D-6C4F-495D-9E8B-D6362256B5B9}.Debug|Any CPU.Build.0 = Debug|Any CPU
		{F750A98D-6C4F-495D-9E8B-D6362256B5B9}.Release|Any CPU.ActiveCfg = Release|Any CPU
		{F750A98D-6C4F-495D-9E8B-D6362256B5B9}.Release|Any CPU.Build.0 = Release|Any CPU
	EndGlobalSection
	GlobalSection(SolutionProperties) = preSolution
		HideSolutionNode = FALSE
	EndGlobalSection
	GlobalSection(ExtensibilityGlobals) = postSolution
		SolutionGuid = {9BF67F56-4A87-4305-B11B-DA89B3B080B8}
	EndGlobalSection
EndGlobal
